
Microsoft Visual Studio Solution File, Format Version 12.00
# Visual Studio 15
VisualStudioVersion = 15.0.26730.12
MinimumVisualStudioVersion = 10.0.40219.1
Project("{2150E333-8FDC-42A3-9474-1A3956D46DE8}") = "System", "System", "{CCAC7F67-C7F5-43E7-836B-FB7B24AC433B}"
EndProject
Project("{2150E333-8FDC-42A3-9474-1A3956D46DE8}") = "Adventures", "Adventures", "{25D7389F-FD50-4453-80D0-F5CCFAF12CEC}"
EndProject
Project("{9A19103F-16F7-4668-BE54-9A1E7A4F7556}") = "SharpSerializer.Library", "System\SharpSerializer.Library\SharpSerializer.Library.csproj", "{D53ECBF4-504E-493B-906A-38624A610966}"
EndProject
Project("{9A19103F-16F7-4668-BE54-9A1E7A4F7556}") = "Eamon", "System\Eamon\Eamon.csproj", "{EBF51CED-7F08-46B4-9052-10EC4EC27784}"
EndProject
Project("{9A19103F-16F7-4668-BE54-9A1E7A4F7556}") = "EamonMH", "System\EamonMH\EamonMH.csproj", "{1776D0F2-3BE0-4BB8-A3EC-392F84B44474}"
EndProject
Project("{FAE04EC0-301F-11D3-BF4B-00C04F79EFBC}") = "EamonPM.WindowsUnix", "System\EamonPM.WindowsUnix\EamonPM.WindowsUnix.csproj", "{0E536609-626C-452A-ACCF-DCA3043915CD}"
EndProject
Project("{9A19103F-16F7-4668-BE54-9A1E7A4F7556}") = "EamonDD", "System\EamonDD\EamonDD.csproj", "{87A7399C-9DC9-49FD-8A0B-EFDA3A625B95}"
EndProject
Project("{9A19103F-16F7-4668-BE54-9A1E7A4F7556}") = "EamonRT", "System\EamonRT\EamonRT.csproj", "{53EC7466-C127-450D-B854-6D5F8C439869}"
EndProject
Project("{9A19103F-16F7-4668-BE54-9A1E7A4F7556}") = "ARuncibleCargo", "Adventures\ARuncibleCargo\ARuncibleCargo.csproj", "{DC163B2F-F955-4AA9-9459-2706177F1D2B}"
EndProject
Project("{9A19103F-16F7-4668-BE54-9A1E7A4F7556}") = "BeginnersForest", "Adventures\BeginnersForest\BeginnersForest.csproj", "{1CF4AD28-2C7E-4E87-9492-20CB2C39D194}"
EndProject
Project("{9A19103F-16F7-4668-BE54-9A1E7A4F7556}") = "StrongholdOfKahrDur", "Adventures\StrongholdOfKahrDur\StrongholdOfKahrDur.csproj", "{FC873EFC-8BE2-42A3-9450-0F8B41E1AC62}"
EndProject
Project("{9A19103F-16F7-4668-BE54-9A1E7A4F7556}") = "TheBeginnersCave", "Adventures\TheBeginnersCave\TheBeginnersCave.csproj", "{D02A3BAE-6637-4821-B714-B38A553C44EB}"
EndProject
Project("{9A19103F-16F7-4668-BE54-9A1E7A4F7556}") = "TheSubAquanLaboratory", "Adventures\TheSubAquanLaboratory\TheSubAquanLaboratory.csproj", "{D0AE2B19-4EFE-46E8-9FD6-167213348350}"
EndProject
Project("{9A19103F-16F7-4668-BE54-9A1E7A4F7556}") = "TheTempleOfNgurct", "Adventures\TheTempleOfNgurct\TheTempleOfNgurct.csproj", "{BD5483A1-BCBC-4D75-AECD-C3AE19883A5B}"
EndProject
Project("{9A19103F-16F7-4668-BE54-9A1E7A4F7556}") = "TheTrainingGround", "Adventures\TheTrainingGround\TheTrainingGround.csproj", "{0D85F4D1-6040-4649-A000-8B89EB89D5DC}"
EndProject
Global
	GlobalSection(SolutionConfigurationPlatforms) = preSolution
		Debug|Any CPU = Debug|Any CPU
		Release|Any CPU = Release|Any CPU
	EndGlobalSection
	GlobalSection(ProjectConfigurationPlatforms) = postSolution
		{D53ECBF4-504E-493B-906A-38624A610966}.Debug|Any CPU.ActiveCfg = Debug|Any CPU
		{D53ECBF4-504E-493B-906A-38624A610966}.Debug|Any CPU.Build.0 = Debug|Any CPU
		{D53ECBF4-504E-493B-906A-38624A610966}.Release|Any CPU.ActiveCfg = Release|Any CPU
		{D53ECBF4-504E-493B-906A-38624A610966}.Release|Any CPU.Build.0 = Release|Any CPU
		{EBF51CED-7F08-46B4-9052-10EC4EC27784}.Debug|Any CPU.ActiveCfg = Debug|Any CPU
		{EBF51CED-7F08-46B4-9052-10EC4EC27784}.Debug|Any CPU.Build.0 = Debug|Any CPU
		{EBF51CED-7F08-46B4-9052-10EC4EC27784}.Release|Any CPU.ActiveCfg = Release|Any CPU
		{EBF51CED-7F08-46B4-9052-10EC4EC27784}.Release|Any CPU.Build.0 = Release|Any CPU
		{1776D0F2-3BE0-4BB8-A3EC-392F84B44474}.Debug|Any CPU.ActiveCfg = Debug|Any CPU
		{1776D0F2-3BE0-4BB8-A3EC-392F84B44474}.Debug|Any CPU.Build.0 = Debug|Any CPU
		{1776D0F2-3BE0-4BB8-A3EC-392F84B44474}.Release|Any CPU.ActiveCfg = Release|Any CPU
		{1776D0F2-3BE0-4BB8-A3EC-392F84B44474}.Release|Any CPU.Build.0 = Release|Any CPU
		{0E536609-626C-452A-ACCF-DCA3043915CD}.Debug|Any CPU.ActiveCfg = Debug|Any CPU
		{0E536609-626C-452A-ACCF-DCA3043915CD}.Debug|Any CPU.Build.0 = Debug|Any CPU
		{0E536609-626C-452A-ACCF-DCA3043915CD}.Release|Any CPU.ActiveCfg = Release|Any CPU
		{0E536609-626C-452A-ACCF-DCA3043915CD}.Release|Any CPU.Build.0 = Release|Any CPU
		{87A7399C-9DC9-49FD-8A0B-EFDA3A625B95}.Debug|Any CPU.ActiveCfg = Debug|Any CPU
		{87A7399C-9DC9-49FD-8A0B-EFDA3A625B95}.Debug|Any CPU.Build.0 = Debug|Any CPU
		{87A7399C-9DC9-49FD-8A0B-EFDA3A625B95}.Release|Any CPU.ActiveCfg = Release|Any CPU
		{87A7399C-9DC9-49FD-8A0B-EFDA3A625B95}.Release|Any CPU.Build.0 = Release|Any CPU
		{53EC7466-C127-450D-B854-6D5F8C439869}.Debug|Any CPU.ActiveCfg = Debug|Any CPU
		{53EC7466-C127-450D-B854-6D5F8C439869}.Debug|Any CPU.Build.0 = Debug|Any CPU
		{53EC7466-C127-450D-B854-6D5F8C439869}.Release|Any CPU.ActiveCfg = Release|Any CPU
		{53EC7466-C127-450D-B854-6D5F8C439869}.Release|Any CPU.Build.0 = Release|Any CPU
		{DC163B2F-F955-4AA9-9459-2706177F1D2B}.Debug|Any CPU.ActiveCfg = Debug|Any CPU
		{DC163B2F-F955-4AA9-9459-2706177F1D2B}.Debug|Any CPU.Build.0 = Debug|Any CPU
		{DC163B2F-F955-4AA9-9459-2706177F1D2B}.Release|Any CPU.ActiveCfg = Release|Any CPU
		{DC163B2F-F955-4AA9-9459-2706177F1D2B}.Release|Any CPU.Build.0 = Release|Any CPU
		{1CF4AD28-2C7E-4E87-9492-20CB2C39D194}.Debug|Any CPU.ActiveCfg = Debug|Any CPU
		{1CF4AD28-2C7E-4E87-9492-20CB2C39D194}.Debug|Any CPU.Build.0 = Debug|Any CPU
		{1CF4AD28-2C7E-4E87-9492-20CB2C39D194}.Release|Any CPU.ActiveCfg = Release|Any CPU
		{1CF4AD28-2C7E-4E87-9492-20CB2C39D194}.Release|Any CPU.Build.0 = Release|Any CPU
		{FC873EFC-8BE2-42A3-9450-0F8B41E1AC62}.Debug|Any CPU.ActiveCfg = Debug|Any CPU
		{FC873EFC-8BE2-42A3-9450-0F8B41E1AC62}.Debug|Any CPU.Build.0 = Debug|Any CPU
		{FC873EFC-8BE2-42A3-9450-0F8B41E1AC62}.Release|Any CPU.ActiveCfg = Release|Any CPU
		{FC873EFC-8BE2-42A3-9450-0F8B41E1AC62}.Release|Any CPU.Build.0 = Release|Any CPU
		{D02A3BAE-6637-4821-B714-B38A553C44EB}.Debug|Any CPU.ActiveCfg = Debug|Any CPU
		{D02A3BAE-6637-4821-B714-B38A553C44EB}.Debug|Any CPU.Build.0 = Debug|Any CPU
		{D02A3BAE-6637-4821-B714-B38A553C44EB}.Release|Any CPU.ActiveCfg = Release|Any CPU
		{D02A3BAE-6637-4821-B714-B38A553C44EB}.Release|Any CPU.Build.0 = Release|Any CPU
		{D0AE2B19-4EFE-46E8-9FD6-167213348350}.Debug|Any CPU.ActiveCfg = Debug|Any CPU
		{D0AE2B19-4EFE-46E8-9FD6-167213348350}.Debug|Any CPU.Build.0 = Debug|Any CPU
		{D0AE2B19-4EFE-46E8-9FD6-167213348350}.Release|Any CPU.ActiveCfg = Release|Any CPU
		{D0AE2B19-4EFE-46E8-9FD6-167213348350}.Release|Any CPU.Build.0 = Release|Any CPU
		{BD5483A1-BCBC-4D75-AECD-C3AE19883A5B}.Debug|Any CPU.ActiveCfg = Debug|Any CPU
		{BD5483A1-BCBC-4D75-AECD-C3AE19883A5B}.Debug|Any CPU.Build.0 = Debug|Any CPU
		{BD5483A1-BCBC-4D75-AECD-C3AE19883A5B}.Release|Any CPU.ActiveCfg = Release|Any CPU
		{BD5483A1-BCBC-4D75-AECD-C3AE19883A5B}.Release|Any CPU.Build.0 = Release|Any CPU
		{0D85F4D1-6040-4649-A000-8B89EB89D5DC}.Debug|Any CPU.ActiveCfg = Debug|Any CPU
		{0D85F4D1-6040-4649-A000-8B89EB89D5DC}.Debug|Any CPU.Build.0 = Debug|Any CPU
		{0D85F4D1-6040-4649-A000-8B89EB89D5DC}.Release|Any CPU.ActiveCfg = Release|Any CPU
		{0D85F4D1-6040-4649-A000-8B89EB89D5DC}.Release|Any CPU.Build.0 = Release|Any CPU
	EndGlobalSection
	GlobalSection(SolutionProperties) = preSolution
		HideSolutionNode = FALSE
	EndGlobalSection
	GlobalSection(NestedProjects) = preSolution
		{D53ECBF4-504E-493B-906A-38624A610966} = {CCAC7F67-C7F5-43E7-836B-FB7B24AC433B}
		{EBF51CED-7F08-46B4-9052-10EC4EC27784} = {CCAC7F67-C7F5-43E7-836B-FB7B24AC433B}
		{1776D0F2-3BE0-4BB8-A3EC-392F84B44474} = {CCAC7F67-C7F5-43E7-836B-FB7B24AC433B}
		{0E536609-626C-452A-ACCF-DCA3043915CD} = {CCAC7F67-C7F5-43E7-836B-FB7B24AC433B}
		{87A7399C-9DC9-49FD-8A0B-EFDA3A625B95} = {CCAC7F67-C7F5-43E7-836B-FB7B24AC433B}
		{53EC7466-C127-450D-B854-6D5F8C439869} = {CCAC7F67-C7F5-43E7-836B-FB7B24AC433B}
		{DC163B2F-F955-4AA9-9459-2706177F1D2B} = {25D7389F-FD50-4453-80D0-F5CCFAF12CEC}
		{1CF4AD28-2C7E-4E87-9492-20CB2C39D194} = {25D7389F-FD50-4453-80D0-F5CCFAF12CEC}
		{FC873EFC-8BE2-42A3-9450-0F8B41E1AC62} = {25D7389F-FD50-4453-80D0-F5CCFAF12CEC}
		{D02A3BAE-6637-4821-B714-B38A553C44EB} = {25D7389F-FD50-4453-80D0-F5CCFAF12CEC}
		{D0AE2B19-4EFE-46E8-9FD6-167213348350} = {25D7389F-FD50-4453-80D0-F5CCFAF12CEC}
		{BD5483A1-BCBC-4D75-AECD-C3AE19883A5B} = {25D7389F-FD50-4453-80D0-F5CCFAF12CEC}
		{0D85F4D1-6040-4649-A000-8B89EB89D5DC} = {25D7389F-FD50-4453-80D0-F5CCFAF12CEC}
	EndGlobalSection
	GlobalSection(ExtensibilityGlobals) = postSolution
		SolutionGuid = {F89D37E7-07F8-42EE-9CD7-0C3BA305A2CB}
	EndGlobalSection
EndGlobal
