
Microsoft Visual Studio Solution File, Format Version 12.00
# Visual Studio Version 16
VisualStudioVersion = 16.0.29609.76
MinimumVisualStudioVersion = 10.0.40219.1
Project("{9A19103F-16F7-4668-BE54-9A1E7A4F7556}") = "ARuncibleCargo", "Adventures\ARuncibleCargo\ARuncibleCargo.csproj", "{DC163B2F-F955-4AA9-9459-2706177F1D2B}"
EndProject
Project("{9A19103F-16F7-4668-BE54-9A1E7A4F7556}") = "BeginnersForest", "Adventures\BeginnersForest\BeginnersForest.csproj", "{1CF4AD28-2C7E-4E87-9492-20CB2C39D194}"
EndProject
Project("{9A19103F-16F7-4668-BE54-9A1E7A4F7556}") = "StrongholdOfKahrDur", "Adventures\StrongholdOfKahrDur\StrongholdOfKahrDur.csproj", "{FC873EFC-8BE2-42A3-9450-0F8B41E1AC62}"
EndProject
Project("{9A19103F-16F7-4668-BE54-9A1E7A4F7556}") = "TheBeginnersCave", "Adventures\TheBeginnersCave\TheBeginnersCave.csproj", "{D02A3BAE-6637-4821-B714-B38A553C44EB}"
EndProject
Project("{9A19103F-16F7-4668-BE54-9A1E7A4F7556}") = "TheSubAquanLaboratory", "Adventures\TheSubAquanLaboratory\TheSubAquanLaboratory.csproj", "{D0AE2B19-4EFE-46E8-9FD6-167213348350}"
EndProject
Project("{9A19103F-16F7-4668-BE54-9A1E7A4F7556}") = "TheTempleOfNgurct", "Adventures\TheTempleOfNgurct\TheTempleOfNgurct.csproj", "{BD5483A1-BCBC-4D75-AECD-C3AE19883A5B}"
EndProject
Project("{9A19103F-16F7-4668-BE54-9A1E7A4F7556}") = "TheTrainingGround", "Adventures\TheTrainingGround\TheTrainingGround.csproj", "{0D85F4D1-6040-4649-A000-8B89EB89D5DC}"
EndProject
Project("{9A19103F-16F7-4668-BE54-9A1E7A4F7556}") = "WrenholdsSecretVigil", "Adventures\WrenholdsSecretVigil\WrenholdsSecretVigil.csproj", "{E1B87EC7-1901-4D56-99D8-693F70DEB1D3}"
EndProject
Project("{9A19103F-16F7-4668-BE54-9A1E7A4F7556}") = "TheVileGrimoireOfJaldial", "Adventures\TheVileGrimoireOfJaldial\TheVileGrimoireOfJaldial.csproj", "{B879709C-A67E-47A6-BFB5-B83AD51A6CA1}"
EndProject
Project("{9A19103F-16F7-4668-BE54-9A1E7A4F7556}") = "TheWayfarersInn", "Adventures\TheWayfarersInn\TheWayfarersInn.csproj", "{A8955BDE-4431-469A-AB59-AFB12452C7A2}"
EndProject
Global
	GlobalSection(SolutionConfigurationPlatforms) = preSolution
		Debug|Any CPU = Debug|Any CPU
		Release|Any CPU = Release|Any CPU
	EndGlobalSection
	GlobalSection(ProjectConfigurationPlatforms) = postSolution
		{DC163B2F-F955-4AA9-9459-2706177F1D2B}.Debug|Any CPU.ActiveCfg = Debug|Any CPU
		{DC163B2F-F955-4AA9-9459-2706177F1D2B}.Debug|Any CPU.Build.0 = Debug|Any CPU
		{DC163B2F-F955-4AA9-9459-2706177F1D2B}.Release|Any CPU.ActiveCfg = Release|Any CPU
		{DC163B2F-F955-4AA9-9459-2706177F1D2B}.Release|Any CPU.Build.0 = Release|Any CPU
		{1CF4AD28-2C7E-4E87-9492-20CB2C39D194}.Debug|Any CPU.ActiveCfg = Debug|Any CPU
		{1CF4AD28-2C7E-4E87-9492-20CB2C39D194}.Debug|Any CPU.Build.0 = Debug|Any CPU
		{1CF4AD28-2C7E-4E87-9492-20CB2C39D194}.Release|Any CPU.ActiveCfg = Release|Any CPU
		{1CF4AD28-2C7E-4E87-9492-20CB2C39D194}.Release|Any CPU.Build.0 = Release|Any CPU
		{FC873EFC-8BE2-42A3-9450-0F8B41E1AC62}.Debug|Any CPU.ActiveCfg = Debug|Any CPU
		{FC873EFC-8BE2-42A3-9450-0F8B41E1AC62}.Debug|Any CPU.Build.0 = Debug|Any CPU
		{FC873EFC-8BE2-42A3-9450-0F8B41E1AC62}.Release|Any CPU.ActiveCfg = Release|Any CPU
		{FC873EFC-8BE2-42A3-9450-0F8B41E1AC62}.Release|Any CPU.Build.0 = Release|Any CPU
		{D02A3BAE-6637-4821-B714-B38A553C44EB}.Debug|Any CPU.ActiveCfg = Debug|Any CPU
		{D02A3BAE-6637-4821-B714-B38A553C44EB}.Debug|Any CPU.Build.0 = Debug|Any CPU
		{D02A3BAE-6637-4821-B714-B38A553C44EB}.Release|Any CPU.ActiveCfg = Release|Any CPU
		{D02A3BAE-6637-4821-B714-B38A553C44EB}.Release|Any CPU.Build.0 = Release|Any CPU
		{D0AE2B19-4EFE-46E8-9FD6-167213348350}.Debug|Any CPU.ActiveCfg = Debug|Any CPU
		{D0AE2B19-4EFE-46E8-9FD6-167213348350}.Debug|Any CPU.Build.0 = Debug|Any CPU
		{D0AE2B19-4EFE-46E8-9FD6-167213348350}.Release|Any CPU.ActiveCfg = Release|Any CPU
		{D0AE2B19-4EFE-46E8-9FD6-167213348350}.Release|Any CPU.Build.0 = Release|Any CPU
		{BD5483A1-BCBC-4D75-AECD-C3AE19883A5B}.Debug|Any CPU.ActiveCfg = Debug|Any CPU
		{BD5483A1-BCBC-4D75-AECD-C3AE19883A5B}.Debug|Any CPU.Build.0 = Debug|Any CPU
		{BD5483A1-BCBC-4D75-AECD-C3AE19883A5B}.Release|Any CPU.ActiveCfg = Release|Any CPU
		{BD5483A1-BCBC-4D75-AECD-C3AE19883A5B}.Release|Any CPU.Build.0 = Release|Any CPU
		{0D85F4D1-6040-4649-A000-8B89EB89D5DC}.Debug|Any CPU.ActiveCfg = Debug|Any CPU
		{0D85F4D1-6040-4649-A000-8B89EB89D5DC}.Debug|Any CPU.Build.0 = Debug|Any CPU
		{0D85F4D1-6040-4649-A000-8B89EB89D5DC}.Release|Any CPU.ActiveCfg = Release|Any CPU
		{0D85F4D1-6040-4649-A000-8B89EB89D5DC}.Release|Any CPU.Build.0 = Release|Any CPU
		{E1B87EC7-1901-4D56-99D8-693F70DEB1D3}.Debug|Any CPU.ActiveCfg = Debug|Any CPU
		{E1B87EC7-1901-4D56-99D8-693F70DEB1D3}.Debug|Any CPU.Build.0 = Debug|Any CPU
		{E1B87EC7-1901-4D56-99D8-693F70DEB1D3}.Release|Any CPU.ActiveCfg = Release|Any CPU
		{E1B87EC7-1901-4D56-99D8-693F70DEB1D3}.Release|Any CPU.Build.0 = Release|Any CPU
		{B879709C-A67E-47A6-BFB5-B83AD51A6CA1}.Debug|Any CPU.ActiveCfg = Debug|Any CPU
		{B879709C-A67E-47A6-BFB5-B83AD51A6CA1}.Debug|Any CPU.Build.0 = Debug|Any CPU
		{B879709C-A67E-47A6-BFB5-B83AD51A6CA1}.Release|Any CPU.ActiveCfg = Release|Any CPU
		{B879709C-A67E-47A6-BFB5-B83AD51A6CA1}.Release|Any CPU.Build.0 = Release|Any CPU
		{A8955BDE-4431-469A-AB59-AFB12452C7A2}.Debug|Any CPU.ActiveCfg = Debug|Any CPU
		{A8955BDE-4431-469A-AB59-AFB12452C7A2}.Debug|Any CPU.Build.0 = Debug|Any CPU
		{A8955BDE-4431-469A-AB59-AFB12452C7A2}.Release|Any CPU.ActiveCfg = Release|Any CPU
		{A8955BDE-4431-469A-AB59-AFB12452C7A2}.Release|Any CPU.Build.0 = Release|Any CPU
	EndGlobalSection
	GlobalSection(SolutionProperties) = preSolution
		HideSolutionNode = FALSE
	EndGlobalSection
	GlobalSection(ExtensibilityGlobals) = postSolution
		SolutionGuid = {F89D37E7-07F8-42EE-9CD7-0C3BA305A2CB}
	EndGlobalSection
EndGlobal
